
Microsoft Visual Studio Solution File, Format Version 12.00
# Visual Studio Version 16
VisualStudioVersion = 16.0.31424.327
MinimumVisualStudioVersion = 10.0.40219.1
Project("{FAE04EC0-301F-11D3-BF4B-00C04F79EFBC}") = "JBanking", "JBanking\JBanking.csproj", "{900D0D67-3F4B-47A4-9E2B-9CB4E647C6F4}"
EndProject
Global
	GlobalSection(SolutionConfigurationPlatforms) = preSolution
		Debug|Any CPU = Debug|Any CPU
		Release|Any CPU = Release|Any CPU
	EndGlobalSection
	GlobalSection(ProjectConfigurationPlatforms) = postSolution
		{900D0D67-3F4B-47A4-9E2B-9CB4E647C6F4}.Debug|Any CPU.ActiveCfg = Debug|Any CPU
		{900D0D67-3F4B-47A4-9E2B-9CB4E647C6F4}.Debug|Any CPU.Build.0 = Debug|Any CPU
		{900D0D67-3F4B-47A4-9E2B-9CB4E647C6F4}.Release|Any CPU.ActiveCfg = Release|Any CPU
		{900D0D67-3F4B-47A4-9E2B-9CB4E647C6F4}.Release|Any CPU.Build.0 = Release|Any CPU
	EndGlobalSection
	GlobalSection(SolutionProperties) = preSolution
		HideSolutionNode = FALSE
	EndGlobalSection
	GlobalSection(ExtensibilityGlobals) = postSolution
		SolutionGuid = {2CFEBF90-E486-4990-BDEF-6BA13C631B42}
	EndGlobalSection
EndGlobal
